# THIS IS AN AUTOGENERATED FILE. DO NOT EDIT THIS FILE DIRECTLY.
# yarn lockfile v1


bulma-carousel@^4.0.4:
  version "4.0.4"
  resolved "https://registry.yarnpkg.com/bulma-carousel/-/bulma-carousel-4.0.4.tgz#96a2e93e6042d196cb064b9a1ea48ca4db4bb030"
  integrity sha512-fxARvrPZ0meiVMkxI1ayK2RBd9YUNPc7FFnDpD+SgPnQdZgW+VAvHM8YdR3BJfnmR9lNWNqfKR/hk7Ko0GP2tA==
