# THIS IS AN AUTOGENERATED FILE. DO NOT EDIT THIS FILE DIRECTLY.
# yarn lockfile v1


eslint-plugin-react-hooks@^4.1.0:
  version "4.1.0"
  resolved "https://registry.yarnpkg.com/eslint-plugin-react-hooks/-/eslint-plugin-react-hooks-4.1.0.tgz#6323fbd5e650e84b2987ba76370523a60f4e7925"
  integrity sha512-36zilUcDwDReiORXmcmTc6rRumu9JIM3WjSvV0nclHoUQ0CNrX866EwONvLR/UqaeqFutbAnVu8PEmctdo2SRQ==
